
Microsoft Visual Studio Solution File, Format Version 12.00
# Visual Studio Version 16
VisualStudioVersion = 16.0.29418.71
MinimumVisualStudioVersion = 10.0.40219.1
Project("{FAE04EC0-301F-11D3-BF4B-00C04F79EFBC}") = "Count Real Numbers", "Count Real Numbers\Count Real Numbers.csproj", "{D26A05A9-3E59-42AE-903C-81459F39CF09}"
EndProject
Project("{FAE04EC0-301F-11D3-BF4B-00C04F79EFBC}") = "Odd Occurrences", "Odd Occurrences\Odd Occurrences.csproj", "{32F8308D-B749-4565-B7C9-80B52227F1DC}"
EndProject
Project("{FAE04EC0-301F-11D3-BF4B-00C04F79EFBC}") = "Word Synonyms", "Word Synonyms\Word Synonyms.csproj", "{552BD0E2-F0BD-4B49-AED1-0C1FF42FA1D7}"
EndProject
Project("{FAE04EC0-301F-11D3-BF4B-00C04F79EFBC}") = "Largest 3 Numbers", "Largest 3 Numbers\Largest 3 Numbers.csproj", "{85F460E7-5670-4687-A5D4-1A9D90A73AAB}"
EndProject
Project("{FAE04EC0-301F-11D3-BF4B-00C04F79EFBC}") = "Word Filter", "Word Filter\Word Filter.csproj", "{0A142559-4584-4047-AA71-BF4D8D5040B2}"
EndProject
Global
	GlobalSection(SolutionConfigurationPlatforms) = preSolution
		Debug|Any CPU = Debug|Any CPU
		Release|Any CPU = Release|Any CPU
	EndGlobalSection
	GlobalSection(ProjectConfigurationPlatforms) = postSolution
		{D26A05A9-3E59-42AE-903C-81459F39CF09}.Debug|Any CPU.ActiveCfg = Debug|Any CPU
		{D26A05A9-3E59-42AE-903C-81459F39CF09}.Debug|Any CPU.Build.0 = Debug|Any CPU
		{D26A05A9-3E59-42AE-903C-81459F39CF09}.Release|Any CPU.ActiveCfg = Release|Any CPU
		{D26A05A9-3E59-42AE-903C-81459F39CF09}.Release|Any CPU.Build.0 = Release|Any CPU
		{32F8308D-B749-4565-B7C9-80B52227F1DC}.Debug|Any CPU.ActiveCfg = Debug|Any CPU
		{32F8308D-B749-4565-B7C9-80B52227F1DC}.Debug|Any CPU.Build.0 = Debug|Any CPU
		{32F8308D-B749-4565-B7C9-80B52227F1DC}.Release|Any CPU.ActiveCfg = Release|Any CPU
		{32F8308D-B749-4565-B7C9-80B52227F1DC}.Release|Any CPU.Build.0 = Release|Any CPU
		{552BD0E2-F0BD-4B49-AED1-0C1FF42FA1D7}.Debug|Any CPU.ActiveCfg = Debug|Any CPU
		{552BD0E2-F0BD-4B49-AED1-0C1FF42FA1D7}.Debug|Any CPU.Build.0 = Debug|Any CPU
		{552BD0E2-F0BD-4B49-AED1-0C1FF42FA1D7}.Release|Any CPU.ActiveCfg = Release|Any CPU
		{552BD0E2-F0BD-4B49-AED1-0C1FF42FA1D7}.Release|Any CPU.Build.0 = Release|Any CPU
		{85F460E7-5670-4687-A5D4-1A9D90A73AAB}.Debug|Any CPU.ActiveCfg = Debug|Any CPU
		{85F460E7-5670-4687-A5D4-1A9D90A73AAB}.Debug|Any CPU.Build.0 = Debug|Any CPU
		{85F460E7-5670-4687-A5D4-1A9D90A73AAB}.Release|Any CPU.ActiveCfg = Release|Any CPU
		{85F460E7-5670-4687-A5D4-1A9D90A73AAB}.Release|Any CPU.Build.0 = Release|Any CPU
		{0A142559-4584-4047-AA71-BF4D8D5040B2}.Debug|Any CPU.ActiveCfg = Debug|Any CPU
		{0A142559-4584-4047-AA71-BF4D8D5040B2}.Debug|Any CPU.Build.0 = Debug|Any CPU
		{0A142559-4584-4047-AA71-BF4D8D5040B2}.Release|Any CPU.ActiveCfg = Release|Any CPU
		{0A142559-4584-4047-AA71-BF4D8D5040B2}.Release|Any CPU.Build.0 = Release|Any CPU
	EndGlobalSection
	GlobalSection(SolutionProperties) = preSolution
		HideSolutionNode = FALSE
	EndGlobalSection
	GlobalSection(ExtensibilityGlobals) = postSolution
		SolutionGuid = {674A98D4-4A23-4B12-B9A3-1F9D3A5EFAFF}
	EndGlobalSection
EndGlobal
