
Microsoft Visual Studio Solution File, Format Version 12.00
# Visual Studio Version 16
VisualStudioVersion = 16.0.29418.71
MinimumVisualStudioVersion = 10.0.40219.1
Project("{FAE04EC0-301F-11D3-BF4B-00C04F79EFBC}") = "Diagonal Difference", "Diagonal Difference\Diagonal Difference.csproj", "{22A7FF9A-FA52-46A6-B8F8-BEB39F2B1E45}"
EndProject
Project("{FAE04EC0-301F-11D3-BF4B-00C04F79EFBC}") = "2x2 Squares in Matrix", "2x2 Squares in Matrix\2x2 Squares in Matrix.csproj", "{9EF9C7FF-D1D5-4193-82BC-69B57AF03ECC}"
EndProject
Project("{FAE04EC0-301F-11D3-BF4B-00C04F79EFBC}") = "Maximal Sum", "Maximal Sum\Maximal Sum.csproj", "{2FC68DF6-7936-4436-8741-DE40F45DB57B}"
EndProject
Project("{FAE04EC0-301F-11D3-BF4B-00C04F79EFBC}") = "Matrix Shuffling", "Matrix Shuffling\Matrix Shuffling.csproj", "{7EA77884-00A9-4BBC-9620-3A82388C0655}"
EndProject
Project("{FAE04EC0-301F-11D3-BF4B-00C04F79EFBC}") = "Snake Moves", "Snake Moves\Snake Moves.csproj", "{514F51FE-DFF3-4442-B45F-AAE5F280333A}"
EndProject
Project("{FAE04EC0-301F-11D3-BF4B-00C04F79EFBC}") = "Bomb the Basement", "Bomb the Basement\Bomb the Basement.csproj", "{B0557C61-FBD4-4994-B82D-3BB5AEDEEA70}"
EndProject
Project("{FAE04EC0-301F-11D3-BF4B-00C04F79EFBC}") = "Knight Game", "Knight Game\Knight Game.csproj", "{0E0E5518-AFBF-4E7F-B1FD-13BD85378CF2}"
EndProject
Project("{FAE04EC0-301F-11D3-BF4B-00C04F79EFBC}") = "Bombs", "Bombs\Bombs.csproj", "{1D233769-E072-4A1C-BC9E-584F920A54E4}"
EndProject
Project("{FAE04EC0-301F-11D3-BF4B-00C04F79EFBC}") = "Miner", "Miner\Miner.csproj", "{557F6A93-ACC2-469B-BC39-97A5FE89448E}"
EndProject
Project("{FAE04EC0-301F-11D3-BF4B-00C04F79EFBC}") = "Radioactive Mutant Vampire Bunnies", "Radioactive Mutant Vampire Bunnies\Radioactive Mutant Vampire Bunnies.csproj", "{F6D4D491-F772-48A6-AD32-7E80371C70B3}"
EndProject
Global
	GlobalSection(SolutionConfigurationPlatforms) = preSolution
		Debug|Any CPU = Debug|Any CPU
		Release|Any CPU = Release|Any CPU
	EndGlobalSection
	GlobalSection(ProjectConfigurationPlatforms) = postSolution
		{22A7FF9A-FA52-46A6-B8F8-BEB39F2B1E45}.Debug|Any CPU.ActiveCfg = Debug|Any CPU
		{22A7FF9A-FA52-46A6-B8F8-BEB39F2B1E45}.Debug|Any CPU.Build.0 = Debug|Any CPU
		{22A7FF9A-FA52-46A6-B8F8-BEB39F2B1E45}.Release|Any CPU.ActiveCfg = Release|Any CPU
		{22A7FF9A-FA52-46A6-B8F8-BEB39F2B1E45}.Release|Any CPU.Build.0 = Release|Any CPU
		{9EF9C7FF-D1D5-4193-82BC-69B57AF03ECC}.Debug|Any CPU.ActiveCfg = Debug|Any CPU
		{9EF9C7FF-D1D5-4193-82BC-69B57AF03ECC}.Debug|Any CPU.Build.0 = Debug|Any CPU
		{9EF9C7FF-D1D5-4193-82BC-69B57AF03ECC}.Release|Any CPU.ActiveCfg = Release|Any CPU
		{9EF9C7FF-D1D5-4193-82BC-69B57AF03ECC}.Release|Any CPU.Build.0 = Release|Any CPU
		{2FC68DF6-7936-4436-8741-DE40F45DB57B}.Debug|Any CPU.ActiveCfg = Debug|Any CPU
		{2FC68DF6-7936-4436-8741-DE40F45DB57B}.Debug|Any CPU.Build.0 = Debug|Any CPU
		{2FC68DF6-7936-4436-8741-DE40F45DB57B}.Release|Any CPU.ActiveCfg = Release|Any CPU
		{2FC68DF6-7936-4436-8741-DE40F45DB57B}.Release|Any CPU.Build.0 = Release|Any CPU
		{7EA77884-00A9-4BBC-9620-3A82388C0655}.Debug|Any CPU.ActiveCfg = Debug|Any CPU
		{7EA77884-00A9-4BBC-9620-3A82388C0655}.Debug|Any CPU.Build.0 = Debug|Any CPU
		{7EA77884-00A9-4BBC-9620-3A82388C0655}.Release|Any CPU.ActiveCfg = Release|Any CPU
		{7EA77884-00A9-4BBC-9620-3A82388C0655}.Release|Any CPU.Build.0 = Release|Any CPU
		{514F51FE-DFF3-4442-B45F-AAE5F280333A}.Debug|Any CPU.ActiveCfg = Debug|Any CPU
		{514F51FE-DFF3-4442-B45F-AAE5F280333A}.Debug|Any CPU.Build.0 = Debug|Any CPU
		{514F51FE-DFF3-4442-B45F-AAE5F280333A}.Release|Any CPU.ActiveCfg = Release|Any CPU
		{514F51FE-DFF3-4442-B45F-AAE5F280333A}.Release|Any CPU.Build.0 = Release|Any CPU
		{B0557C61-FBD4-4994-B82D-3BB5AEDEEA70}.Debug|Any CPU.ActiveCfg = Debug|Any CPU
		{B0557C61-FBD4-4994-B82D-3BB5AEDEEA70}.Debug|Any CPU.Build.0 = Debug|Any CPU
		{B0557C61-FBD4-4994-B82D-3BB5AEDEEA70}.Release|Any CPU.ActiveCfg = Release|Any CPU
		{B0557C61-FBD4-4994-B82D-3BB5AEDEEA70}.Release|Any CPU.Build.0 = Release|Any CPU
		{0E0E5518-AFBF-4E7F-B1FD-13BD85378CF2}.Debug|Any CPU.ActiveCfg = Debug|Any CPU
		{0E0E5518-AFBF-4E7F-B1FD-13BD85378CF2}.Debug|Any CPU.Build.0 = Debug|Any CPU
		{0E0E5518-AFBF-4E7F-B1FD-13BD85378CF2}.Release|Any CPU.ActiveCfg = Release|Any CPU
		{0E0E5518-AFBF-4E7F-B1FD-13BD85378CF2}.Release|Any CPU.Build.0 = Release|Any CPU
		{1D233769-E072-4A1C-BC9E-584F920A54E4}.Debug|Any CPU.ActiveCfg = Debug|Any CPU
		{1D233769-E072-4A1C-BC9E-584F920A54E4}.Debug|Any CPU.Build.0 = Debug|Any CPU
		{1D233769-E072-4A1C-BC9E-584F920A54E4}.Release|Any CPU.ActiveCfg = Release|Any CPU
		{1D233769-E072-4A1C-BC9E-584F920A54E4}.Release|Any CPU.Build.0 = Release|Any CPU
		{557F6A93-ACC2-469B-BC39-97A5FE89448E}.Debug|Any CPU.ActiveCfg = Debug|Any CPU
		{557F6A93-ACC2-469B-BC39-97A5FE89448E}.Debug|Any CPU.Build.0 = Debug|Any CPU
		{557F6A93-ACC2-469B-BC39-97A5FE89448E}.Release|Any CPU.ActiveCfg = Release|Any CPU
		{557F6A93-ACC2-469B-BC39-97A5FE89448E}.Release|Any CPU.Build.0 = Release|Any CPU
		{F6D4D491-F772-48A6-AD32-7E80371C70B3}.Debug|Any CPU.ActiveCfg = Debug|Any CPU
		{F6D4D491-F772-48A6-AD32-7E80371C70B3}.Debug|Any CPU.Build.0 = Debug|Any CPU
		{F6D4D491-F772-48A6-AD32-7E80371C70B3}.Release|Any CPU.ActiveCfg = Release|Any CPU
		{F6D4D491-F772-48A6-AD32-7E80371C70B3}.Release|Any CPU.Build.0 = Release|Any CPU
	EndGlobalSection
	GlobalSection(SolutionProperties) = preSolution
		HideSolutionNode = FALSE
	EndGlobalSection
	GlobalSection(ExtensibilityGlobals) = postSolution
		SolutionGuid = {41C8A901-0AB1-456D-AE9E-DF079C91D59D}
	EndGlobalSection
EndGlobal
